
Microsoft Visual Studio Solution File, Format Version 12.00
# Visual Studio Version 17
VisualStudioVersion = 17.11.35219.272
MinimumVisualStudioVersion = 10.0.40219.1
Project("{888888A0-9F3D-457C-B088-3A5042F75D52}") = "Pyhikonstruktsioonid", "Pyhikonstruktsioonid.pyproj", "{03B3F81F-6BA6-4A53-9D25-F85C7EBF087B}"
EndProject
Global
	GlobalSection(SolutionConfigurationPlatforms) = preSolution
		Debug|Any CPU = Debug|Any CPU
		Release|Any CPU = Release|Any CPU
	EndGlobalSection
	GlobalSection(ProjectConfigurationPlatforms) = postSolution
		{03B3F81F-6BA6-4A53-9D25-F85C7EBF087B}.Debug|Any CPU.ActiveCfg = Debug|Any CPU
		{03B3F81F-6BA6-4A53-9D25-F85C7EBF087B}.Release|Any CPU.ActiveCfg = Release|Any CPU
	EndGlobalSection
	GlobalSection(SolutionProperties) = preSolution
		HideSolutionNode = FALSE
	EndGlobalSection
	GlobalSection(ExtensibilityGlobals) = postSolution
		SolutionGuid = {709C9B33-9054-43AA-B974-EE2F3D5EC13C}
	EndGlobalSection
EndGlobal
